
Microsoft Visual Studio Solution File, Format Version 12.00
# Visual Studio Version 17
VisualStudioVersion = 17.14.36414.22
MinimumVisualStudioVersion = 10.0.40219.1
Project("{FAE04EC0-301F-11D3-BF4B-00C04F79EFBC}") = "TaskMaster.API", "TaskMaster.API\TaskMaster.API.csproj", "{4BE50F60-7291-D3E0-986D-428BFB8D6E7F}"
EndProject
Project("{FAE04EC0-301F-11D3-BF4B-00C04F79EFBC}") = "TaskMaster.Test.UnitTests", "TaskMaster.Test.UnitTests\TaskMaster.Test.UnitTests.csproj", "{271885D8-BB37-5821-BDA3-0D33CD9B0DB8}"
EndProject
Project("{FAE04EC0-301F-11D3-BF4B-00C04F79EFBC}") = "TaskMaster.Test.IntegrationTests", "TaskMaster.Test.IntegrationTests\TaskMaster.Test.IntegrationTests.csproj", "{4E0B4F48-0F63-8434-7111-BA70FE982F54}"
EndProject
Project("{FAE04EC0-301F-11D3-BF4B-00C04F79EFBC}") = "TaskMaster.Library.Common", "TaskMaster.Library.Common\TaskMaster.Library.Common.csproj", "{6BDFE9DA-B747-8573-FAA2-E41CBA055E5C}"
EndProject
Project("{FAE04EC0-301F-11D3-BF4B-00C04F79EFBC}") = "TaskMaster.Library.Producer", "TaskMaster.Library.Producer\TaskMaster.Library.Producer.csproj", "{692B6C9A-C98C-4805-4508-2D25FC97D07C}"
EndProject
Project("{FAE04EC0-301F-11D3-BF4B-00C04F79EFBC}") = "TaskMaster.Library.Consumer", "TaskMaster.Library.Consumer\TaskMaster.Library.Consumer.csproj", "{59E2B34F-D825-4581-BB8F-13B483A57C77}"
EndProject
Project("{2150E333-8FDC-42A3-9474-1A3956D46DE8}") = "Samples", "Samples", "{5D20AA90-6969-D8BD-9DCD-8634F4692FDA}"
EndProject
Project("{FAE04EC0-301F-11D3-BF4B-00C04F79EFBC}") = "TaskMaster.Sample.Producer", "Samples\TaskMaster.Sample.Producer\TaskMaster.Sample.Producer.csproj", "{5B24D914-CA1C-46CC-9347-2B40B8B15264}"
EndProject
Project("{FAE04EC0-301F-11D3-BF4B-00C04F79EFBC}") = "TaskMaster.Sample.Consumer", "Samples\TaskMaster.Sample.Consumer\TaskMaster.Sample.Consumer.csproj", "{3AB135FA-C27D-442C-873F-CABCA04FEE41}"
EndProject
Global
	GlobalSection(SolutionConfigurationPlatforms) = preSolution
		Debug|Any CPU = Debug|Any CPU
		Debug|x64 = Debug|x64
		Debug|x86 = Debug|x86
		Release|Any CPU = Release|Any CPU
		Release|x64 = Release|x64
		Release|x86 = Release|x86
	EndGlobalSection
	GlobalSection(ProjectConfigurationPlatforms) = postSolution
		{4BE50F60-7291-D3E0-986D-428BFB8D6E7F}.Debug|Any CPU.ActiveCfg = Debug|Any CPU
		{4BE50F60-7291-D3E0-986D-428BFB8D6E7F}.Debug|Any CPU.Build.0 = Debug|Any CPU
		{4BE50F60-7291-D3E0-986D-428BFB8D6E7F}.Debug|x64.ActiveCfg = Debug|Any CPU
		{4BE50F60-7291-D3E0-986D-428BFB8D6E7F}.Debug|x64.Build.0 = Debug|Any CPU
		{4BE50F60-7291-D3E0-986D-428BFB8D6E7F}.Debug|x86.ActiveCfg = Debug|Any CPU
		{4BE50F60-7291-D3E0-986D-428BFB8D6E7F}.Debug|x86.Build.0 = Debug|Any CPU
		{4BE50F60-7291-D3E0-986D-428BFB8D6E7F}.Release|Any CPU.ActiveCfg = Release|Any CPU
		{4BE50F60-7291-D3E0-986D-428BFB8D6E7F}.Release|Any CPU.Build.0 = Release|Any CPU
		{4BE50F60-7291-D3E0-986D-428BFB8D6E7F}.Release|x64.ActiveCfg = Release|Any CPU
		{4BE50F60-7291-D3E0-986D-428BFB8D6E7F}.Release|x64.Build.0 = Release|Any CPU
		{4BE50F60-7291-D3E0-986D-428BFB8D6E7F}.Release|x86.ActiveCfg = Release|Any CPU
		{4BE50F60-7291-D3E0-986D-428BFB8D6E7F}.Release|x86.Build.0 = Release|Any CPU
		{271885D8-BB37-5821-BDA3-0D33CD9B0DB8}.Debug|Any CPU.ActiveCfg = Debug|Any CPU
		{271885D8-BB37-5821-BDA3-0D33CD9B0DB8}.Debug|Any CPU.Build.0 = Debug|Any CPU
		{271885D8-BB37-5821-BDA3-0D33CD9B0DB8}.Debug|x64.ActiveCfg = Debug|Any CPU
		{271885D8-BB37-5821-BDA3-0D33CD9B0DB8}.Debug|x64.Build.0 = Debug|Any CPU
		{271885D8-BB37-5821-BDA3-0D33CD9B0DB8}.Debug|x86.ActiveCfg = Debug|Any CPU
		{271885D8-BB37-5821-BDA3-0D33CD9B0DB8}.Debug|x86.Build.0 = Debug|Any CPU
		{271885D8-BB37-5821-BDA3-0D33CD9B0DB8}.Release|Any CPU.ActiveCfg = Release|Any CPU
		{271885D8-BB37-5821-BDA3-0D33CD9B0DB8}.Release|Any CPU.Build.0 = Release|Any CPU
		{271885D8-BB37-5821-BDA3-0D33CD9B0DB8}.Release|x64.ActiveCfg = Release|Any CPU
		{271885D8-BB37-5821-BDA3-0D33CD9B0DB8}.Release|x64.Build.0 = Release|Any CPU
		{271885D8-BB37-5821-BDA3-0D33CD9B0DB8}.Release|x86.ActiveCfg = Release|Any CPU
		{271885D8-BB37-5821-BDA3-0D33CD9B0DB8}.Release|x86.Build.0 = Release|Any CPU
		{4E0B4F48-0F63-8434-7111-BA70FE982F54}.Debug|Any CPU.ActiveCfg = Debug|Any CPU
		{4E0B4F48-0F63-8434-7111-BA70FE982F54}.Debug|Any CPU.Build.0 = Debug|Any CPU
		{4E0B4F48-0F63-8434-7111-BA70FE982F54}.Debug|x64.ActiveCfg = Debug|Any CPU
		{4E0B4F48-0F63-8434-7111-BA70FE982F54}.Debug|x64.Build.0 = Debug|Any CPU
		{4E0B4F48-0F63-8434-7111-BA70FE982F54}.Debug|x86.ActiveCfg = Debug|Any CPU
		{4E0B4F48-0F63-8434-7111-BA70FE982F54}.Debug|x86.Build.0 = Debug|Any CPU
		{4E0B4F48-0F63-8434-7111-BA70FE982F54}.Release|Any CPU.ActiveCfg = Release|Any CPU
		{4E0B4F48-0F63-8434-7111-BA70FE982F54}.Release|Any CPU.Build.0 = Release|Any CPU
		{4E0B4F48-0F63-8434-7111-BA70FE982F54}.Release|x64.ActiveCfg = Release|Any CPU
		{4E0B4F48-0F63-8434-7111-BA70FE982F54}.Release|x64.Build.0 = Release|Any CPU
		{4E0B4F48-0F63-8434-7111-BA70FE982F54}.Release|x86.ActiveCfg = Release|Any CPU
		{4E0B4F48-0F63-8434-7111-BA70FE982F54}.Release|x86.Build.0 = Release|Any CPU
		{6BDFE9DA-B747-8573-FAA2-E41CBA055E5C}.Debug|Any CPU.ActiveCfg = Debug|Any CPU
		{6BDFE9DA-B747-8573-FAA2-E41CBA055E5C}.Debug|Any CPU.Build.0 = Debug|Any CPU
		{6BDFE9DA-B747-8573-FAA2-E41CBA055E5C}.Debug|x64.ActiveCfg = Debug|Any CPU
		{6BDFE9DA-B747-8573-FAA2-E41CBA055E5C}.Debug|x64.Build.0 = Debug|Any CPU
		{6BDFE9DA-B747-8573-FAA2-E41CBA055E5C}.Debug|x86.ActiveCfg = Debug|Any CPU
		{6BDFE9DA-B747-8573-FAA2-E41CBA055E5C}.Debug|x86.Build.0 = Debug|Any CPU
		{6BDFE9DA-B747-8573-FAA2-E41CBA055E5C}.Release|Any CPU.ActiveCfg = Release|Any CPU
		{6BDFE9DA-B747-8573-FAA2-E41CBA055E5C}.Release|Any CPU.Build.0 = Release|Any CPU
		{6BDFE9DA-B747-8573-FAA2-E41CBA055E5C}.Release|x64.ActiveCfg = Release|Any CPU
		{6BDFE9DA-B747-8573-FAA2-E41CBA055E5C}.Release|x64.Build.0 = Release|Any CPU
		{6BDFE9DA-B747-8573-FAA2-E41CBA055E5C}.Release|x86.ActiveCfg = Release|Any CPU
		{6BDFE9DA-B747-8573-FAA2-E41CBA055E5C}.Release|x86.Build.0 = Release|Any CPU
		{692B6C9A-C98C-4805-4508-2D25FC97D07C}.Debug|Any CPU.ActiveCfg = Debug|Any CPU
		{692B6C9A-C98C-4805-4508-2D25FC97D07C}.Debug|Any CPU.Build.0 = Debug|Any CPU
		{692B6C9A-C98C-4805-4508-2D25FC97D07C}.Debug|x64.ActiveCfg = Debug|Any CPU
		{692B6C9A-C98C-4805-4508-2D25FC97D07C}.Debug|x64.Build.0 = Debug|Any CPU
		{692B6C9A-C98C-4805-4508-2D25FC97D07C}.Debug|x86.ActiveCfg = Debug|Any CPU
		{692B6C9A-C98C-4805-4508-2D25FC97D07C}.Debug|x86.Build.0 = Debug|Any CPU
		{692B6C9A-C98C-4805-4508-2D25FC97D07C}.Release|Any CPU.ActiveCfg = Release|Any CPU
		{692B6C9A-C98C-4805-4508-2D25FC97D07C}.Release|Any CPU.Build.0 = Release|Any CPU
		{692B6C9A-C98C-4805-4508-2D25FC97D07C}.Release|x64.ActiveCfg = Release|Any CPU
		{692B6C9A-C98C-4805-4508-2D25FC97D07C}.Release|x64.Build.0 = Release|Any CPU
		{692B6C9A-C98C-4805-4508-2D25FC97D07C}.Release|x86.ActiveCfg = Release|Any CPU
		{692B6C9A-C98C-4805-4508-2D25FC97D07C}.Release|x86.Build.0 = Release|Any CPU
		{59E2B34F-D825-4581-BB8F-13B483A57C77}.Debug|Any CPU.ActiveCfg = Debug|Any CPU
		{59E2B34F-D825-4581-BB8F-13B483A57C77}.Debug|Any CPU.Build.0 = Debug|Any CPU
		{59E2B34F-D825-4581-BB8F-13B483A57C77}.Debug|x64.ActiveCfg = Debug|Any CPU
		{59E2B34F-D825-4581-BB8F-13B483A57C77}.Debug|x64.Build.0 = Debug|Any CPU
		{59E2B34F-D825-4581-BB8F-13B483A57C77}.Debug|x86.ActiveCfg = Debug|Any CPU
		{59E2B34F-D825-4581-BB8F-13B483A57C77}.Debug|x86.Build.0 = Debug|Any CPU
		{59E2B34F-D825-4581-BB8F-13B483A57C77}.Release|Any CPU.ActiveCfg = Release|Any CPU
		{59E2B34F-D825-4581-BB8F-13B483A57C77}.Release|Any CPU.Build.0 = Release|Any CPU
		{59E2B34F-D825-4581-BB8F-13B483A57C77}.Release|x64.ActiveCfg = Release|Any CPU
		{59E2B34F-D825-4581-BB8F-13B483A57C77}.Release|x64.Build.0 = Release|Any CPU
		{59E2B34F-D825-4581-BB8F-13B483A57C77}.Release|x86.ActiveCfg = Release|Any CPU
		{59E2B34F-D825-4581-BB8F-13B483A57C77}.Release|x86.Build.0 = Release|Any CPU
		{5B24D914-CA1C-46CC-9347-2B40B8B15264}.Debug|Any CPU.ActiveCfg = Debug|Any CPU
		{5B24D914-CA1C-46CC-9347-2B40B8B15264}.Debug|Any CPU.Build.0 = Debug|Any CPU
		{5B24D914-CA1C-46CC-9347-2B40B8B15264}.Debug|x64.ActiveCfg = Debug|Any CPU
		{5B24D914-CA1C-46CC-9347-2B40B8B15264}.Debug|x64.Build.0 = Debug|Any CPU
		{5B24D914-CA1C-46CC-9347-2B40B8B15264}.Debug|x86.ActiveCfg = Debug|Any CPU
		{5B24D914-CA1C-46CC-9347-2B40B8B15264}.Debug|x86.Build.0 = Debug|Any CPU
		{5B24D914-CA1C-46CC-9347-2B40B8B15264}.Release|Any CPU.ActiveCfg = Release|Any CPU
		{5B24D914-CA1C-46CC-9347-2B40B8B15264}.Release|Any CPU.Build.0 = Release|Any CPU
		{5B24D914-CA1C-46CC-9347-2B40B8B15264}.Release|x64.ActiveCfg = Release|Any CPU
		{5B24D914-CA1C-46CC-9347-2B40B8B15264}.Release|x64.Build.0 = Release|Any CPU
		{5B24D914-CA1C-46CC-9347-2B40B8B15264}.Release|x86.ActiveCfg = Release|Any CPU
		{5B24D914-CA1C-46CC-9347-2B40B8B15264}.Release|x86.Build.0 = Release|Any CPU
		{3AB135FA-C27D-442C-873F-CABCA04FEE41}.Debug|Any CPU.ActiveCfg = Debug|Any CPU
		{3AB135FA-C27D-442C-873F-CABCA04FEE41}.Debug|Any CPU.Build.0 = Debug|Any CPU
		{3AB135FA-C27D-442C-873F-CABCA04FEE41}.Debug|x64.ActiveCfg = Debug|Any CPU
		{3AB135FA-C27D-442C-873F-CABCA04FEE41}.Debug|x64.Build.0 = Debug|Any CPU
		{3AB135FA-C27D-442C-873F-CABCA04FEE41}.Debug|x86.ActiveCfg = Debug|Any CPU
		{3AB135FA-C27D-442C-873F-CABCA04FEE41}.Debug|x86.Build.0 = Debug|Any CPU
		{3AB135FA-C27D-442C-873F-CABCA04FEE41}.Release|Any CPU.ActiveCfg = Release|Any CPU
		{3AB135FA-C27D-442C-873F-CABCA04FEE41}.Release|Any CPU.Build.0 = Release|Any CPU
		{3AB135FA-C27D-442C-873F-CABCA04FEE41}.Release|x64.ActiveCfg = Release|Any CPU
		{3AB135FA-C27D-442C-873F-CABCA04FEE41}.Release|x64.Build.0 = Release|Any CPU
		{3AB135FA-C27D-442C-873F-CABCA04FEE41}.Release|x86.ActiveCfg = Release|Any CPU
		{3AB135FA-C27D-442C-873F-CABCA04FEE41}.Release|x86.Build.0 = Release|Any CPU
	EndGlobalSection
	GlobalSection(SolutionProperties) = preSolution
		HideSolutionNode = FALSE
	EndGlobalSection
	GlobalSection(NestedProjects) = preSolution
		{5B24D914-CA1C-46CC-9347-2B40B8B15264} = {5D20AA90-6969-D8BD-9DCD-8634F4692FDA}
		{3AB135FA-C27D-442C-873F-CABCA04FEE41} = {5D20AA90-6969-D8BD-9DCD-8634F4692FDA}
	EndGlobalSection
	GlobalSection(ExtensibilityGlobals) = postSolution
		SolutionGuid = {E921DEFA-6BB3-4D7B-9515-32607011E69B}
	EndGlobalSection
EndGlobal
